
Microsoft Visual Studio Solution File, Format Version 12.00
# Visual Studio Version 16
VisualStudioVersion = 16.0.30002.166
MinimumVisualStudioVersion = 10.0.40219.1
Project("{8BC9CEB8-8B4A-11D0-8D11-00A0C91BC942}") = "cis687_thread_manager", "cis687_thread_manager\cis687_thread_manager.vcxproj", "{D99C541C-4DC1-43F5-BBC4-AB4A69ACD8E7}"
EndProject
Global
	GlobalSection(SolutionConfigurationPlatforms) = preSolution
		Debug|x64 = Debug|x64
		Debug|x86 = Debug|x86
		Release|x64 = Release|x64
		Release|x86 = Release|x86
	EndGlobalSection
	GlobalSection(ProjectConfigurationPlatforms) = postSolution
		{D99C541C-4DC1-43F5-BBC4-AB4A69ACD8E7}.Debug|x64.ActiveCfg = Debug|x64
		{D99C541C-4DC1-43F5-BBC4-AB4A69ACD8E7}.Debug|x64.Build.0 = Debug|x64
		{D99C541C-4DC1-43F5-BBC4-AB4A69ACD8E7}.Debug|x86.ActiveCfg = Debug|Win32
		{D99C541C-4DC1-43F5-BBC4-AB4A69ACD8E7}.Debug|x86.Build.0 = Debug|Win32
		{D99C541C-4DC1-43F5-BBC4-AB4A69ACD8E7}.Release|x64.ActiveCfg = Release|x64
		{D99C541C-4DC1-43F5-BBC4-AB4A69ACD8E7}.Release|x64.Build.0 = Release|x64
		{D99C541C-4DC1-43F5-BBC4-AB4A69ACD8E7}.Release|x86.ActiveCfg = Release|Win32
		{D99C541C-4DC1-43F5-BBC4-AB4A69ACD8E7}.Release|x86.Build.0 = Release|Win32
	EndGlobalSection
	GlobalSection(SolutionProperties) = preSolution
		HideSolutionNode = FALSE
	EndGlobalSection
	GlobalSection(ExtensibilityGlobals) = postSolution
		SolutionGuid = {43A95927-880F-49E8-B2C8-4FA1DB6D6AE0}
	EndGlobalSection
EndGlobal
